
Microsoft Visual Studio Solution File, Format Version 12.00
# Visual Studio Version 17
VisualStudioVersion = 17.3.32901.215
MinimumVisualStudioVersion = 10.0.40219.1
Project("{9A19103F-16F7-4668-BE54-9A1E7A4F7556}") = "Sonos.Base", "src\Sonos.Base\Sonos.Base.csproj", "{56D078AB-D3FC-4ED3-A4E2-47B3CB3816CE}"
EndProject
Project("{9A19103F-16F7-4668-BE54-9A1E7A4F7556}") = "Sonos.Cli", "src\Sonos.Cli\Sonos.Cli.csproj", "{D31A3E80-875B-4A5C-BAF1-18D53BC1C23B}"
EndProject
Project("{2150E333-8FDC-42A3-9474-1A3956D46DE8}") = "src", "src", "{FA3E7966-A75D-44AF-8A7F-803CC6E1BC37}"
EndProject
Project("{9A19103F-16F7-4668-BE54-9A1E7A4F7556}") = "Sonos.Base.Tests", "tests\Sonos.Base.Tests\Sonos.Base.Tests.csproj", "{BB72BA44-B384-4B2F-989E-272411BDB807}"
EndProject
Project("{2150E333-8FDC-42A3-9474-1A3956D46DE8}") = "tests", "tests", "{7881F890-1564-4DED-A230-4B7D28684B51}"
EndProject
Project("{9A19103F-16F7-4668-BE54-9A1E7A4F7556}") = "Sonos.Base.Events.Http.Tests", "tests\Sonos.Base.Events.Http.Tests\Sonos.Base.Events.Http.Tests.csproj", "{A4004D98-775A-4A88-8EBB-3BB07D2EB470}"
EndProject
Project("{9A19103F-16F7-4668-BE54-9A1E7A4F7556}") = "Sonos.Base.Events.Http", "src\Sonos.Base.Events.Http\Sonos.Base.Events.Http.csproj", "{E889E215-7C1F-40B2-8CCA-D6ACF3CDDB18}"
EndProject
Project("{2150E333-8FDC-42A3-9474-1A3956D46DE8}") = "misc", "misc", "{747CF25D-9739-47DF-A54D-1F745E7ED40C}"
	ProjectSection(SolutionItems) = preProject
		.github\workflows\build.yml = .github\workflows\build.yml
	EndProjectSection
EndProject
Global
	GlobalSection(SolutionConfigurationPlatforms) = preSolution
		Debug|Any CPU = Debug|Any CPU
		Release|Any CPU = Release|Any CPU
	EndGlobalSection
	GlobalSection(ProjectConfigurationPlatforms) = postSolution
		{56D078AB-D3FC-4ED3-A4E2-47B3CB3816CE}.Debug|Any CPU.ActiveCfg = Debug|Any CPU
		{56D078AB-D3FC-4ED3-A4E2-47B3CB3816CE}.Debug|Any CPU.Build.0 = Debug|Any CPU
		{56D078AB-D3FC-4ED3-A4E2-47B3CB3816CE}.Release|Any CPU.ActiveCfg = Release|Any CPU
		{56D078AB-D3FC-4ED3-A4E2-47B3CB3816CE}.Release|Any CPU.Build.0 = Release|Any CPU
		{D31A3E80-875B-4A5C-BAF1-18D53BC1C23B}.Debug|Any CPU.ActiveCfg = Debug|Any CPU
		{D31A3E80-875B-4A5C-BAF1-18D53BC1C23B}.Debug|Any CPU.Build.0 = Debug|Any CPU
		{D31A3E80-875B-4A5C-BAF1-18D53BC1C23B}.Release|Any CPU.ActiveCfg = Release|Any CPU
		{D31A3E80-875B-4A5C-BAF1-18D53BC1C23B}.Release|Any CPU.Build.0 = Release|Any CPU
		{BB72BA44-B384-4B2F-989E-272411BDB807}.Debug|Any CPU.ActiveCfg = Debug|Any CPU
		{BB72BA44-B384-4B2F-989E-272411BDB807}.Debug|Any CPU.Build.0 = Debug|Any CPU
		{BB72BA44-B384-4B2F-989E-272411BDB807}.Release|Any CPU.ActiveCfg = Release|Any CPU
		{BB72BA44-B384-4B2F-989E-272411BDB807}.Release|Any CPU.Build.0 = Release|Any CPU
		{A4004D98-775A-4A88-8EBB-3BB07D2EB470}.Debug|Any CPU.ActiveCfg = Debug|Any CPU
		{A4004D98-775A-4A88-8EBB-3BB07D2EB470}.Debug|Any CPU.Build.0 = Debug|Any CPU
		{A4004D98-775A-4A88-8EBB-3BB07D2EB470}.Release|Any CPU.ActiveCfg = Release|Any CPU
		{A4004D98-775A-4A88-8EBB-3BB07D2EB470}.Release|Any CPU.Build.0 = Release|Any CPU
		{E889E215-7C1F-40B2-8CCA-D6ACF3CDDB18}.Debug|Any CPU.ActiveCfg = Debug|Any CPU
		{E889E215-7C1F-40B2-8CCA-D6ACF3CDDB18}.Debug|Any CPU.Build.0 = Debug|Any CPU
		{E889E215-7C1F-40B2-8CCA-D6ACF3CDDB18}.Release|Any CPU.ActiveCfg = Release|Any CPU
		{E889E215-7C1F-40B2-8CCA-D6ACF3CDDB18}.Release|Any CPU.Build.0 = Release|Any CPU
	EndGlobalSection
	GlobalSection(SolutionProperties) = preSolution
		HideSolutionNode = FALSE
	EndGlobalSection
	GlobalSection(NestedProjects) = preSolution
		{56D078AB-D3FC-4ED3-A4E2-47B3CB3816CE} = {FA3E7966-A75D-44AF-8A7F-803CC6E1BC37}
		{D31A3E80-875B-4A5C-BAF1-18D53BC1C23B} = {FA3E7966-A75D-44AF-8A7F-803CC6E1BC37}
		{BB72BA44-B384-4B2F-989E-272411BDB807} = {7881F890-1564-4DED-A230-4B7D28684B51}
		{A4004D98-775A-4A88-8EBB-3BB07D2EB470} = {7881F890-1564-4DED-A230-4B7D28684B51}
		{E889E215-7C1F-40B2-8CCA-D6ACF3CDDB18} = {FA3E7966-A75D-44AF-8A7F-803CC6E1BC37}
	EndGlobalSection
	GlobalSection(ExtensibilityGlobals) = postSolution
		SolutionGuid = {E6489A37-B04A-4D5B-A96B-AB59842626C2}
	EndGlobalSection
EndGlobal
