{
  "version": 1,
  "dependencies": {
    "net10.0": {
      "sonos.base": {
        "type": "Project"
      }
    },
    "net8.0": {
      "Microsoft.Extensions.Hosting.Abstractions": {
        "type": "Direct",
        "requested": "[8.0.0, )",
        "resolved": "8.0.0",
        "contentHash": "AG7HWwVRdCHlaA++1oKDxLsXIBxmDpMPb3VoyOoAghEWnkUvEAdYQUwnV4jJbAaa/nMYNiEh5ByoLauZBEiovg=="
      },
      "sonos.base": {
        "type": "Project"
      }
    }
  }
}